{
  "originHash" : "f785d3651c97614279813b422e63966377fced6f70abddba46f6d3f4f084aacb",
  "pins" : [
    {
      "identity" : "fontskit",
      "kind" : "remoteSourceControl",
      "location" : "https://github.com/TimurkaevMalik/FontsKit.git",
      "state" : {
        "revision" : "89bda4fa73e5700ea89eba366df08fba1a4b70c6",
        "version" : "1.1.0"
      }
    },
    {
      "identity" : "keychainstoragekit",
      "kind" : "remoteSourceControl",
      "location" : "https://github.com/TimurkaevMalik/KeychainStorageKit.git",
      "state" : {
        "revision" : "5b5322a841c026ca3c9b985b6f756c1bd0054d5b",
        "version" : "1.0.0"
      }
    },
    {
      "identity" : "loggingkit",
      "kind" : "remoteSourceControl",
      "location" : "https://github.com/TimurkaevMalik/LoggingKit.git",
      "state" : {
        "revision" : "4faa18b5d160912738c0b382719b4b7832a16bf7",
        "version" : "1.1.0"
      }
    },
    {
      "identity" : "valet",
      "kind" : "remoteSourceControl",
      "location" : "https://github.com/square/Valet.git",
      "state" : {
        "revision" : "05c9e514fbd352a6866877ca31326b4e0b7d6d01",
        "version" : "5.0.0"
      }
    }
  ],
  "version" : 3
}
