{
  "originHash" : "e5044be408be92780c6fc5a138b6b090d2b0c1a8a26e07ade30da2957ca50089",
  "pins" : [
    {
      "identity" : "keychainstoragekit",
      "kind" : "remoteSourceControl",
      "location" : "https://github.com/TimurkaevMalik/KeychainStorageKit.git",
      "state" : {
        "revision" : "5b5322a841c026ca3c9b985b6f756c1bd0054d5b",
        "version" : "1.0.0"
      }
    },
    {
      "identity" : "loggingkit",
      "kind" : "remoteSourceControl",
      "location" : "https://github.com/TimurkaevMalik/LoggingKit.git",
      "state" : {
        "revision" : "d2ce234ac6df402d0f2b965adc6952fa63536a73",
        "version" : "1.0.0"
      }
    },
    {
      "identity" : "valet",
      "kind" : "remoteSourceControl",
      "location" : "https://github.com/square/Valet.git",
      "state" : {
        "revision" : "05c9e514fbd352a6866877ca31326b4e0b7d6d01",
        "version" : "5.0.0"
      }
    }
  ],
  "version" : 3
}
